
Microsoft Visual Studio Solution File, Format Version 12.00
# Visual Studio Version 17
VisualStudioVersion = 17.2.32526.322
MinimumVisualStudioVersion = 10.0.40219.1
Project("{FAE04EC0-301F-11D3-BF4B-00C04F79EFBC}") = "EmpPayRollDB", "EmpPayRollDB\EmpPayRollDB.csproj", "{C3108547-F906-47C6-A6C1-3AEF8FEA2583}"
EndProject
Global
	GlobalSection(SolutionConfigurationPlatforms) = preSolution
		Debug|Any CPU = Debug|Any CPU
		Release|Any CPU = Release|Any CPU
	EndGlobalSection
	GlobalSection(ProjectConfigurationPlatforms) = postSolution
		{C3108547-F906-47C6-A6C1-3AEF8FEA2583}.Debug|Any CPU.ActiveCfg = Debug|Any CPU
		{C3108547-F906-47C6-A6C1-3AEF8FEA2583}.Debug|Any CPU.Build.0 = Debug|Any CPU
		{C3108547-F906-47C6-A6C1-3AEF8FEA2583}.Release|Any CPU.ActiveCfg = Release|Any CPU
		{C3108547-F906-47C6-A6C1-3AEF8FEA2583}.Release|Any CPU.Build.0 = Release|Any CPU
	EndGlobalSection
	GlobalSection(SolutionProperties) = preSolution
		HideSolutionNode = FALSE
	EndGlobalSection
	GlobalSection(ExtensibilityGlobals) = postSolution
		SolutionGuid = {BF428B80-762A-4151-84FA-16ABB8F8E21B}
	EndGlobalSection
EndGlobal
